<?xml version="1.0" encoding="utf-8"?>
<Project ToolsVersion="4.0" xmlns="http://schemas.microsoft.com/developer/msbuild/2003">
  <ItemGroup>
    <Filter Include="Source Files">
      <UniqueIdentifier>{4FC737F1-C7A5-4376-A066-2A32D752A2FF}</UniqueIdentifier>
      <Extensions>cpp;c;cc;cxx;def;odl;idl;hpj;bat;asm;asmx</Extensions>
    </Filter>
    <Filter Include="Header Files">
      <UniqueIdentifier>{93995380-89BD-4b04-88EB-625FBE52EBFB}</UniqueIdentifier>
      <Extensions>h;hpp;hxx;hm;inl;inc;xsd</Extensions>
    </Filter>
    <Filter Include="Resource Files">
      <UniqueIdentifier>{67DA6AB6-F800-4c08-8B7A-83BB121AAD01}</UniqueIdentifier>
      <Extensions>rc;ico;cur;bmp;dlg;rc2;rct;bin;rgs;gif;jpg;jpeg;jpe;resx;tiff;tif;png;wav;mfcribbon-ms</Extensions>
    </Filter>
    <Filter Include="Source Files\Logic">
      <UniqueIdentifier>{e8e1c0c8-2daf-41fb-9673-a546da7ec416}</UniqueIdentifier>
    </Filter>
    <Filter Include="Source Files\Command">
      <UniqueIdentifier>{dc8a60df-1451-4fe4-8d38-1545bb9bdb0c}</UniqueIdentifier>
    </Filter>
    <Filter Include="Source Files\Parser">
      <UniqueIdentifier>{53a3b3e1-c009-4060-8872-d5732679ac11}</UniqueIdentifier>
    </Filter>
    <Filter Include="Source Files\Other">
      <UniqueIdentifier>{c7134a0e-f096-445c-a3bc-dad7d303c521}</UniqueIdentifier>
    </Filter>
    <Filter Include="Source Files\GUI">
      <UniqueIdentifier>{12f47698-bab3-461b-b273-b79faddbd044}</UniqueIdentifier>
    </Filter>
    <Filter Include="Header Files\Logic">
      <UniqueIdentifier>{df00f1a2-6122-4eef-9eab-46e470a14013}</UniqueIdentifier>
    </Filter>
    <Filter Include="Header Files\Parser">
      <UniqueIdentifier>{ec41e5a8-e0a3-4ae8-9a84-3d17bba2eb34}</UniqueIdentifier>
    </Filter>
    <Filter Include="Header Files\Command">
      <UniqueIdentifier>{7fc8aa18-fe03-4e85-9cf2-d2b0f43d9a3c}</UniqueIdentifier>
    </Filter>
    <Filter Include="Header Files\GUI">
      <UniqueIdentifier>{15978b7e-64a4-4e59-a023-2e04b5f43b47}</UniqueIdentifier>
    </Filter>
    <Filter Include="Header Files\Other">
      <UniqueIdentifier>{6a1a4e86-6a50-48b9-a57b-fdfff8e219e5}</UniqueIdentifier>
    </Filter>
    <Filter Include="Header Files\Exception">
      <UniqueIdentifier>{3cd12ca5-093a-482f-b7c1-d5c726dfc0f2}</UniqueIdentifier>
    </Filter>
    <Filter Include="Unit Tests">
      <UniqueIdentifier>{f5128f10-358c-466a-9d3d-7358b6a6e08c}</UniqueIdentifier>
    </Filter>
  </ItemGroup>
  <ItemGroup>
    <None Include="ReadMe.txt" />
    <None Include="app.ico">
      <Filter>Resource Files</Filter>
    </None>
    <None Include="Icon.ico">
      <Filter>Resource Files</Filter>
    </None>
  </ItemGroup>
  <ItemGroup>
    <ClCompile Include="Scheduler++.cpp">
      <Filter>Source Files</Filter>
    </ClCompile>
    <ClCompile Include="AssemblyInfo.cpp">
      <Filter>Source Files</Filter>
    </ClCompile>
    <ClCompile Include="stdafx.cpp">
      <Filter>Source Files</Filter>
    </ClCompile>
    <ClCompile Include="Item.cpp">
      <Filter>Source Files</Filter>
    </ClCompile>
    <ClCompile Include="CommandAdd.cpp">
      <Filter>Source Files\Command</Filter>
    </ClCompile>
    <ClCompile Include="CommandUndo.cpp">
      <Filter>Source Files\Command</Filter>
    </ClCompile>
    <ClCompile Include="CommandBase.cpp">
      <Filter>Source Files\Command</Filter>
    </ClCompile>
    <ClCompile Include="CommandClear.cpp">
      <Filter>Source Files\Command</Filter>
    </ClCompile>
    <ClCompile Include="CommandDelete.cpp">
      <Filter>Source Files\Command</Filter>
    </ClCompile>
    <ClCompile Include="CommandDone.cpp">
      <Filter>Source Files\Command</Filter>
    </ClCompile>
    <ClCompile Include="CommandEdit.cpp">
      <Filter>Source Files\Command</Filter>
    </ClCompile>
    <ClCompile Include="CommandFlag.cpp">
      <Filter>Source Files\Command</Filter>
    </ClCompile>
    <ClCompile Include="CommandList.cpp">
      <Filter>Source Files\Command</Filter>
    </ClCompile>
    <ClCompile Include="CommandSort.cpp">
      <Filter>Source Files\Command</Filter>
    </ClCompile>
    <ClCompile Include="Logic.cpp">
      <Filter>Source Files\Logic</Filter>
    </ClCompile>
    <ClCompile Include="LogicUndo.cpp">
      <Filter>Source Files\Logic</Filter>
    </ClCompile>
    <ClCompile Include="LogicAdd.cpp">
      <Filter>Source Files\Logic</Filter>
    </ClCompile>
    <ClCompile Include="LogicBase.cpp">
      <Filter>Source Files\Logic</Filter>
    </ClCompile>
    <ClCompile Include="LogicClear.cpp">
      <Filter>Source Files\Logic</Filter>
    </ClCompile>
    <ClCompile Include="LogicDelete.cpp">
      <Filter>Source Files\Logic</Filter>
    </ClCompile>
    <ClCompile Include="LogicDone.cpp">
      <Filter>Source Files\Logic</Filter>
    </ClCompile>
    <ClCompile Include="LogicEdit.cpp">
      <Filter>Source Files\Logic</Filter>
    </ClCompile>
    <ClCompile Include="LogicFlag.cpp">
      <Filter>Source Files\Logic</Filter>
    </ClCompile>
    <ClCompile Include="LogicList.cpp">
      <Filter>Source Files\Logic</Filter>
    </ClCompile>
    <ClCompile Include="LogicSort.cpp">
      <Filter>Source Files\Logic</Filter>
    </ClCompile>
    <ClCompile Include="LogicTutorial.cpp">
      <Filter>Source Files\Logic</Filter>
    </ClCompile>
    <ClCompile Include="Parser.cpp">
      <Filter>Source Files\Parser</Filter>
    </ClCompile>
    <ClCompile Include="ParserUndo.cpp">
      <Filter>Source Files\Parser</Filter>
    </ClCompile>
    <ClCompile Include="ParserAdd.cpp">
      <Filter>Source Files\Parser</Filter>
    </ClCompile>
    <ClCompile Include="ParserBase.cpp">
      <Filter>Source Files\Parser</Filter>
    </ClCompile>
    <ClCompile Include="ParserCatchAll.cpp">
      <Filter>Source Files\Parser</Filter>
    </ClCompile>
    <ClCompile Include="ParserClear.cpp">
      <Filter>Source Files\Parser</Filter>
    </ClCompile>
    <ClCompile Include="ParserDateTime.cpp">
      <Filter>Source Files\Parser</Filter>
    </ClCompile>
    <ClCompile Include="ParserDelete.cpp">
      <Filter>Source Files\Parser</Filter>
    </ClCompile>
    <ClCompile Include="ParserDone.cpp">
      <Filter>Source Files\Parser</Filter>
    </ClCompile>
    <ClCompile Include="ParserEdit.cpp">
      <Filter>Source Files\Parser</Filter>
    </ClCompile>
    <ClCompile Include="ParserExceptions.cpp">
      <Filter>Source Files\Parser</Filter>
    </ClCompile>
    <ClCompile Include="ParserFlag.cpp">
      <Filter>Source Files\Parser</Filter>
    </ClCompile>
    <ClCompile Include="ParserList.cpp">
      <Filter>Source Files\Parser</Filter>
    </ClCompile>
    <ClCompile Include="ParserSort.cpp">
      <Filter>Source Files\Parser</Filter>
    </ClCompile>
    <ClCompile Include="GUI.cpp">
      <Filter>Source Files\GUI</Filter>
    </ClCompile>
    <ClCompile Include="Writer.cpp">
      <Filter>Source Files\Other</Filter>
    </ClCompile>
    <ClCompile Include="Task.cpp">
      <Filter>Source Files\Other</Filter>
    </ClCompile>
    <ClCompile Include="Display.cpp">
      <Filter>Source Files\Other</Filter>
    </ClCompile>
    <ClCompile Include="Data.cpp">
      <Filter>Source Files\Other</Filter>
    </ClCompile>
    <ClCompile Include="PairDateTime.cpp">
      <Filter>Source Files\Other</Filter>
    </ClCompile>
  </ItemGroup>
  <ItemGroup>
    <ClInclude Include="stdafx.h">
      <Filter>Header Files</Filter>
    </ClInclude>
    <ClInclude Include="resource.h">
      <Filter>Header Files</Filter>
    </ClInclude>
    <ClInclude Include="Item.h">
      <Filter>Header Files</Filter>
    </ClInclude>
    <ClInclude Include="GUI.h">
      <Filter>Header Files</Filter>
    </ClInclude>
    <ClInclude Include="CommandAdd.h">
      <Filter>Header Files\Command</Filter>
    </ClInclude>
    <ClInclude Include="CommandUndo.h">
      <Filter>Header Files\Command</Filter>
    </ClInclude>
    <ClInclude Include="CommandBase.h">
      <Filter>Header Files\Command</Filter>
    </ClInclude>
    <ClInclude Include="CommandClear.h">
      <Filter>Header Files\Command</Filter>
    </ClInclude>
    <ClInclude Include="CommandDelete.h">
      <Filter>Header Files\Command</Filter>
    </ClInclude>
    <ClInclude Include="CommandDone.h">
      <Filter>Header Files\Command</Filter>
    </ClInclude>
    <ClInclude Include="CommandEdit.h">
      <Filter>Header Files\Command</Filter>
    </ClInclude>
    <ClInclude Include="CommandFlag.h">
      <Filter>Header Files\Command</Filter>
    </ClInclude>
    <ClInclude Include="CommandList.h">
      <Filter>Header Files\Command</Filter>
    </ClInclude>
    <ClInclude Include="CommandSort.h">
      <Filter>Header Files\Command</Filter>
    </ClInclude>
    <ClInclude Include="Logic.h">
      <Filter>Header Files\Logic</Filter>
    </ClInclude>
    <ClInclude Include="LogicUndo.h">
      <Filter>Header Files\Logic</Filter>
    </ClInclude>
    <ClInclude Include="LogicAdd.h">
      <Filter>Header Files\Logic</Filter>
    </ClInclude>
    <ClInclude Include="LogicBase.h">
      <Filter>Header Files\Logic</Filter>
    </ClInclude>
    <ClInclude Include="LogicClear.h">
      <Filter>Header Files\Logic</Filter>
    </ClInclude>
    <ClInclude Include="LogicDelete.h">
      <Filter>Header Files\Logic</Filter>
    </ClInclude>
    <ClInclude Include="LogicDone.h">
      <Filter>Header Files\Logic</Filter>
    </ClInclude>
    <ClInclude Include="LogicEdit.h">
      <Filter>Header Files\Logic</Filter>
    </ClInclude>
    <ClInclude Include="LogicFlag.h">
      <Filter>Header Files\Logic</Filter>
    </ClInclude>
    <ClInclude Include="LogicList.h">
      <Filter>Header Files\Logic</Filter>
    </ClInclude>
    <ClInclude Include="LogicSort.h">
      <Filter>Header Files\Logic</Filter>
    </ClInclude>
    <ClInclude Include="LogicTutorial.h">
      <Filter>Header Files\Logic</Filter>
    </ClInclude>
    <ClInclude Include="Parser.h">
      <Filter>Header Files\Parser</Filter>
    </ClInclude>
    <ClInclude Include="ParserAdd.h">
      <Filter>Header Files\Parser</Filter>
    </ClInclude>
    <ClInclude Include="ParserBase.h">
      <Filter>Header Files\Parser</Filter>
    </ClInclude>
    <ClInclude Include="ParserCatchAll.h">
      <Filter>Header Files\Parser</Filter>
    </ClInclude>
    <ClInclude Include="ParserClear.h">
      <Filter>Header Files\Parser</Filter>
    </ClInclude>
    <ClInclude Include="ParserDateTime.h">
      <Filter>Header Files\Parser</Filter>
    </ClInclude>
    <ClInclude Include="ParserDelete.h">
      <Filter>Header Files\Parser</Filter>
    </ClInclude>
    <ClInclude Include="ParserDone.h">
      <Filter>Header Files\Parser</Filter>
    </ClInclude>
    <ClInclude Include="ParserEdit.h">
      <Filter>Header Files\Parser</Filter>
    </ClInclude>
    <ClInclude Include="ParserFlag.h">
      <Filter>Header Files\Parser</Filter>
    </ClInclude>
    <ClInclude Include="ParserList.h">
      <Filter>Header Files\Parser</Filter>
    </ClInclude>
    <ClInclude Include="ParserSort.h">
      <Filter>Header Files\Parser</Filter>
    </ClInclude>
    <ClInclude Include="ParserUndo.h">
      <Filter>Header Files\Parser</Filter>
    </ClInclude>
    <ClInclude Include="Data.h">
      <Filter>Header Files\Other</Filter>
    </ClInclude>
    <ClInclude Include="Display.h">
      <Filter>Header Files\Other</Filter>
    </ClInclude>
    <ClInclude Include="Task.h">
      <Filter>Header Files\Other</Filter>
    </ClInclude>
    <ClInclude Include="Writer.h">
      <Filter>Header Files\Other</Filter>
    </ClInclude>
    <ClInclude Include="PairDateTime.h">
      <Filter>Header Files\Other</Filter>
    </ClInclude>
    <ClInclude Include="ParsingException.h">
      <Filter>Header Files\Exception</Filter>
    </ClInclude>
    <ClInclude Include="SchedulerPPException.h">
      <Filter>Header Files\Exception</Filter>
    </ClInclude>
    <ClInclude Include="WriterException.h">
      <Filter>Header Files\Exception</Filter>
    </ClInclude>
    <ClInclude Include="ParserTester.h">
      <Filter>Unit Tests</Filter>
    </ClInclude>
    <ClInclude Include="LogicTester.h">
      <Filter>Unit Tests</Filter>
    </ClInclude>
    <ClInclude Include="TutorialTester.h">
      <Filter>Unit Tests</Filter>
    </ClInclude>
    <ClInclude Include="Tester.h">
      <Filter>Unit Tests</Filter>
    </ClInclude>
  </ItemGroup>
  <ItemGroup>
    <ResourceCompile Include="app.rc">
      <Filter>Resource Files</Filter>
    </ResourceCompile>
  </ItemGroup>
  <ItemGroup>
    <EmbeddedResource Include="GUI.resX">
      <Filter>Resource Files</Filter>
    </EmbeddedResource>
  </ItemGroup>
</Project>