<?xml version="1.0" encoding="utf-8"?>
<Project ToolsVersion="4.0" xmlns="http://schemas.microsoft.com/developer/msbuild/2003">
  <ItemGroup>
    <Filter Include="Source Files">
      <UniqueIdentifier>{4FC737F1-C7A5-4376-A066-2A32D752A2FF}</UniqueIdentifier>
      <Extensions>cpp;c;cc;cxx;def;odl;idl;hpj;bat;asm;asmx</Extensions>
    </Filter>
    <Filter Include="Resource Files">
      <UniqueIdentifier>{67DA6AB6-F800-4c08-8B7A-83BB121AAD01}</UniqueIdentifier>
      <Extensions>rc;ico;cur;bmp;dlg;rc2;rct;bin;rgs;gif;jpg;jpeg;jpe;resx;tiff;tif;png;wav;mfcribbon-ms</Extensions>
    </Filter>
    <Filter Include="GTest">
      <UniqueIdentifier>{b385b798-e50c-4e5a-b57e-6371978dd92c}</UniqueIdentifier>
    </Filter>
    <Filter Include="Header Files">
      <UniqueIdentifier>{93995380-89BD-4b04-88EB-625FBE52EBFB}</UniqueIdentifier>
      <Extensions>h;hpp;hxx;hm;inl;inc;xsd</Extensions>
    </Filter>
    <Filter Include="Header Files\Parsing">
      <UniqueIdentifier>{377194d7-02bb-4de2-be62-fdd6cb82cb1c}</UniqueIdentifier>
    </Filter>
    <Filter Include="Source Files\Parsing">
      <UniqueIdentifier>{ce0d2e96-c763-4bdb-b513-1bbdf7ae35c2}</UniqueIdentifier>
    </Filter>
    <Filter Include="Source Files\Logic">
      <UniqueIdentifier>{9685eac5-5ef8-4cb9-a8a8-3a1cdc7add0a}</UniqueIdentifier>
    </Filter>
    <Filter Include="Header Files\Logic">
      <UniqueIdentifier>{3c4e4cb8-972a-4941-8660-7b37eac90dfe}</UniqueIdentifier>
    </Filter>
    <Filter Include="Header Files\Commands">
      <UniqueIdentifier>{92757daf-b899-4b65-94c5-9b258465fbd3}</UniqueIdentifier>
    </Filter>
    <Filter Include="Source Files\Commands">
      <UniqueIdentifier>{3efe36a8-f14a-46a4-bedc-6f712dcf5d8d}</UniqueIdentifier>
    </Filter>
  </ItemGroup>
  <ItemGroup>
    <ClCompile Include="Task.cpp">
      <Filter>Source Files</Filter>
    </ClCompile>
    <ClCompile Include="Data.cpp">
      <Filter>Source Files</Filter>
    </ClCompile>
    <ClCompile Include="main.cpp">
      <Filter>Source Files</Filter>
    </ClCompile>
    <ClCompile Include="UI.cpp">
      <Filter>Source Files</Filter>
    </ClCompile>
    <ClCompile Include="Writer.cpp">
      <Filter>Source Files</Filter>
    </ClCompile>
    <ClCompile Include="Parser.cpp">
      <Filter>Source Files\Parsing</Filter>
    </ClCompile>
    <ClCompile Include="ParserAdd.cpp">
      <Filter>Source Files\Parsing</Filter>
    </ClCompile>
    <ClCompile Include="ParserBase.cpp">
      <Filter>Source Files\Parsing</Filter>
    </ClCompile>
    <ClCompile Include="ParserCatchAll.cpp">
      <Filter>Source Files\Parsing</Filter>
    </ClCompile>
    <ClCompile Include="ParserDelete.cpp">
      <Filter>Source Files\Parsing</Filter>
    </ClCompile>
    <ClCompile Include="ParserDone.cpp">
      <Filter>Source Files\Parsing</Filter>
    </ClCompile>
    <ClCompile Include="ParserEdit.cpp">
      <Filter>Source Files\Parsing</Filter>
    </ClCompile>
    <ClCompile Include="ParserList.cpp">
      <Filter>Source Files\Parsing</Filter>
    </ClCompile>
    <ClCompile Include="ParserSort.cpp">
      <Filter>Source Files\Parsing</Filter>
    </ClCompile>
    <ClCompile Include="ParserDateTime.cpp">
      <Filter>Source Files\Parsing</Filter>
    </ClCompile>
    <ClCompile Include="Logic.cpp">
      <Filter>Source Files\Logic</Filter>
    </ClCompile>
    <ClCompile Include="LogicAdd.cpp">
      <Filter>Source Files\Logic</Filter>
    </ClCompile>
    <ClCompile Include="LogicClear.cpp">
      <Filter>Source Files\Logic</Filter>
    </ClCompile>
    <ClCompile Include="LogicDelete.cpp">
      <Filter>Source Files\Logic</Filter>
    </ClCompile>
    <ClCompile Include="LogicDone.cpp">
      <Filter>Source Files\Logic</Filter>
    </ClCompile>
    <ClCompile Include="LogicEdit.cpp">
      <Filter>Source Files\Logic</Filter>
    </ClCompile>
    <ClCompile Include="LogicFlag.cpp">
      <Filter>Source Files\Logic</Filter>
    </ClCompile>
    <ClCompile Include="LogicList.cpp">
      <Filter>Source Files\Logic</Filter>
    </ClCompile>
    <ClCompile Include="LogicSort.cpp">
      <Filter>Source Files\Logic</Filter>
    </ClCompile>
    <ClCompile Include="LogicUndo.cpp">
      <Filter>Source Files\Logic</Filter>
    </ClCompile>
    <ClCompile Include="ParserClear.cpp">
      <Filter>Source Files\Parsing</Filter>
    </ClCompile>
    <ClCompile Include="ParserUndo.cpp">
      <Filter>Source Files\Parsing</Filter>
    </ClCompile>
    <ClCompile Include="ParserFlag.cpp">
      <Filter>Source Files\Parsing</Filter>
    </ClCompile>
    <ClCompile Include="Display.cpp">
      <Filter>Source Files</Filter>
    </ClCompile>
    <ClCompile Include="CommandAdd.cpp">
      <Filter>Source Files\Commands</Filter>
    </ClCompile>
    <ClCompile Include="CommandUndo.cpp">
      <Filter>Source Files\Commands</Filter>
    </ClCompile>
    <ClCompile Include="CommandBase.cpp">
      <Filter>Source Files\Commands</Filter>
    </ClCompile>
    <ClCompile Include="CommandClear.cpp">
      <Filter>Source Files\Commands</Filter>
    </ClCompile>
    <ClCompile Include="CommandDelete.cpp">
      <Filter>Source Files\Commands</Filter>
    </ClCompile>
    <ClCompile Include="CommandDone.cpp">
      <Filter>Source Files\Commands</Filter>
    </ClCompile>
    <ClCompile Include="CommandEdit.cpp">
      <Filter>Source Files\Commands</Filter>
    </ClCompile>
    <ClCompile Include="CommandFlag.cpp">
      <Filter>Source Files\Commands</Filter>
    </ClCompile>
    <ClCompile Include="CommandList.cpp">
      <Filter>Source Files\Commands</Filter>
    </ClCompile>
    <ClCompile Include="CommandSort.cpp">
      <Filter>Source Files\Commands</Filter>
    </ClCompile>
    <ClCompile Include="LogicBase.cpp">
      <Filter>Source Files\Logic</Filter>
    </ClCompile>
    <ClCompile Include="PairDateTime.cpp">
      <Filter>Source Files</Filter>
    </ClCompile>
    <ClCompile Include="LogicTutorial.cpp">
      <Filter>Source Files</Filter>
    </ClCompile>
    <ClCompile Include="ParserExceptions.cpp">
      <Filter>Source Files\Parsing</Filter>
    </ClCompile>
  </ItemGroup>
  <ItemGroup>
    <ClInclude Include="Task.h">
      <Filter>Header Files</Filter>
    </ClInclude>
    <ClInclude Include="Writer.h">
      <Filter>Header Files</Filter>
    </ClInclude>
    <ClInclude Include="Data.h">
      <Filter>Header Files</Filter>
    </ClInclude>
    <ClInclude Include="UI.h">
      <Filter>Header Files</Filter>
    </ClInclude>
    <ClInclude Include="Parser.h">
      <Filter>Header Files\Parsing</Filter>
    </ClInclude>
    <ClInclude Include="ParserAdd.h">
      <Filter>Header Files\Parsing</Filter>
    </ClInclude>
    <ClInclude Include="ParserBase.h">
      <Filter>Header Files\Parsing</Filter>
    </ClInclude>
    <ClInclude Include="ParserCatchAll.h">
      <Filter>Header Files\Parsing</Filter>
    </ClInclude>
    <ClInclude Include="ParserDelete.h">
      <Filter>Header Files\Parsing</Filter>
    </ClInclude>
    <ClInclude Include="ParserDone.h">
      <Filter>Header Files\Parsing</Filter>
    </ClInclude>
    <ClInclude Include="ParserEdit.h">
      <Filter>Header Files\Parsing</Filter>
    </ClInclude>
    <ClInclude Include="ParserList.h">
      <Filter>Header Files\Parsing</Filter>
    </ClInclude>
    <ClInclude Include="ParserSort.h">
      <Filter>Header Files\Parsing</Filter>
    </ClInclude>
    <ClInclude Include="ParserDateTime.h">
      <Filter>Header Files\Parsing</Filter>
    </ClInclude>
    <ClInclude Include="Logic.h">
      <Filter>Header Files\Logic</Filter>
    </ClInclude>
    <ClInclude Include="LogicAdd.h">
      <Filter>Header Files\Logic</Filter>
    </ClInclude>
    <ClInclude Include="LogicClear.h">
      <Filter>Header Files\Logic</Filter>
    </ClInclude>
    <ClInclude Include="LogicDelete.h">
      <Filter>Header Files\Logic</Filter>
    </ClInclude>
    <ClInclude Include="LogicDone.h">
      <Filter>Header Files\Logic</Filter>
    </ClInclude>
    <ClInclude Include="LogicEdit.h">
      <Filter>Header Files\Logic</Filter>
    </ClInclude>
    <ClInclude Include="LogicFlag.h">
      <Filter>Header Files\Logic</Filter>
    </ClInclude>
    <ClInclude Include="LogicList.h">
      <Filter>Header Files\Logic</Filter>
    </ClInclude>
    <ClInclude Include="LogicSort.h">
      <Filter>Header Files\Logic</Filter>
    </ClInclude>
    <ClInclude Include="LogicUndo.h">
      <Filter>Header Files\Logic</Filter>
    </ClInclude>
    <ClInclude Include="ParserClear.h">
      <Filter>Header Files\Parsing</Filter>
    </ClInclude>
    <ClInclude Include="ParserUndo.h">
      <Filter>Header Files\Parsing</Filter>
    </ClInclude>
    <ClInclude Include="ParserFlag.h">
      <Filter>Header Files\Parsing</Filter>
    </ClInclude>
    <ClInclude Include="Display.h">
      <Filter>Header Files</Filter>
    </ClInclude>
    <ClInclude Include="CommandAdd.h">
      <Filter>Header Files\Commands</Filter>
    </ClInclude>
    <ClInclude Include="CommandUndo.h">
      <Filter>Header Files\Commands</Filter>
    </ClInclude>
    <ClInclude Include="CommandBase.h">
      <Filter>Header Files\Commands</Filter>
    </ClInclude>
    <ClInclude Include="CommandClear.h">
      <Filter>Header Files\Commands</Filter>
    </ClInclude>
    <ClInclude Include="CommandDelete.h">
      <Filter>Header Files\Commands</Filter>
    </ClInclude>
    <ClInclude Include="CommandDone.h">
      <Filter>Header Files\Commands</Filter>
    </ClInclude>
    <ClInclude Include="CommandEdit.h">
      <Filter>Header Files\Commands</Filter>
    </ClInclude>
    <ClInclude Include="CommandFlag.h">
      <Filter>Header Files\Commands</Filter>
    </ClInclude>
    <ClInclude Include="CommandList.h">
      <Filter>Header Files\Commands</Filter>
    </ClInclude>
    <ClInclude Include="CommandSort.h">
      <Filter>Header Files\Commands</Filter>
    </ClInclude>
    <ClInclude Include="ParserTester.h">
      <Filter>GTest</Filter>
    </ClInclude>
    <ClInclude Include="Tester.h">
      <Filter>GTest</Filter>
    </ClInclude>
    <ClInclude Include="PairDateTime.h">
      <Filter>Header Files</Filter>
    </ClInclude>
    <ClInclude Include="LogicTester.h">
      <Filter>GTest</Filter>
    </ClInclude>
    <ClInclude Include="LogicTutorial.h">
      <Filter>Header Files</Filter>
    </ClInclude>
    <ClInclude Include="ParsingException.h">
      <Filter>Header Files\Parsing</Filter>
    </ClInclude>
    <ClInclude Include="SchedulerPPException.h">
      <Filter>Header Files</Filter>
    </ClInclude>
    <ClInclude Include="WriterException.h">
      <Filter>Header Files</Filter>
    </ClInclude>
    <ClInclude Include="LogicBase.h">
      <Filter>Header Files\Logic</Filter>
    </ClInclude>
    <ClInclude Include="TutorialTester.h">
      <Filter>GTest</Filter>
    </ClInclude>
  </ItemGroup>
</Project>